// !$*UTF8*$!
{
	archiveVersion = 1;
	classes = {
	};
	objectVersion = 46;
	objects = {

/* Begin PBXGroup section */
		3623C51E1DAF81F3003EBC4E = {
			isa = PBXGroup;
			children = (
			);
			sourceTree = "<group>";
		};
/* End PBXGroup section */

/* Begin PBXProject section */
		3623C51F1DAF81F3003EBC4E /* Project object */ = {
			isa = PBXProject;
			attributes = {
				LastUpgradeCheck = 0800;
			};
			buildConfigurationList = 3623C5221DAF81F3003EBC4E /* Build configuration list for PBXProject "rsyncup" */;
			compatibilityVersion = "Xcode 3.2";
			developmentRegion = English;
			hasScannedForEncodings = 0;
			knownRegions = (
				en,
			);
			mainGroup = 3623C51E1DAF81F3003EBC4E;
			projectDirPath = "";
			projectRoot = "";
			targets = (
			);
		};
/* End PBXProject section */

/* Begin XCBuildConfiguration section */
		3623C5231DAF81F3003EBC4E /* Debug */ = {
			isa = XCBuildConfiguration;
			buildSettings = {
			};
			name = Debug;
		};
		3623C5241DAF81F3003EBC4E /* Release */ = {
			isa = XCBuildConfiguration;
			buildSettings = {
			};
			name = Release;
		};
/* End XCBuildConfiguration section */

/* Begin XCConfigurationList section */
		3623C5221DAF81F3003EBC4E /* Build configuration list for PBXProject "rsyncup" */ = {
			isa = XCConfigurationList;
			buildConfigurations = (
				3623C5231DAF81F3003EBC4E /* Debug */,
				3623C5241DAF81F3003EBC4E /* Release */,
			);
			defaultConfigurationIsVisible = 0;
			defaultConfigurationName = Release;
		};
/* End XCConfigurationList section */
	};
	rootObject = 3623C51F1DAF81F3003EBC4E /* Project object */;
}
